
Microsoft Visual Studio Solution File, Format Version 12.00
# Visual Studio Version 17
VisualStudioVersion = 17.9.34728.123
MinimumVisualStudioVersion = 10.0.40219.1
Project("{FAE04EC0-301F-11D3-BF4B-00C04F79EFBC}") = "ErrorTool", "ErrorTool\ErrorTool.csproj", "{DC826BC3-1C6C-453C-85AC-DDF0D7EAF46B}"
EndProject
Global
	GlobalSection(SolutionConfigurationPlatforms) = preSolution
		Debug|Any CPU = Debug|Any CPU
		Release|Any CPU = Release|Any CPU
	EndGlobalSection
	GlobalSection(ProjectConfigurationPlatforms) = postSolution
		{DC826BC3-1C6C-453C-85AC-DDF0D7EAF46B}.Debug|Any CPU.ActiveCfg = Debug|Any CPU
		{DC826BC3-1C6C-453C-85AC-DDF0D7EAF46B}.Debug|Any CPU.Build.0 = Debug|Any CPU
		{DC826BC3-1C6C-453C-85AC-DDF0D7EAF46B}.Release|Any CPU.ActiveCfg = Release|Any CPU
		{DC826BC3-1C6C-453C-85AC-DDF0D7EAF46B}.Release|Any CPU.Build.0 = Release|Any CPU
	EndGlobalSection
	GlobalSection(SolutionProperties) = preSolution
		HideSolutionNode = FALSE
	EndGlobalSection
	GlobalSection(ExtensibilityGlobals) = postSolution
		SolutionGuid = {5F7BF2E8-89F4-4107-80A6-FE03D0ECC1F1}
	EndGlobalSection
EndGlobal
